// !$*UTF8*$!
{
	archiveVersion = 1;
	classes = {
	};
	objectVersion = 46;
	objects = {

/* Begin PBXBuildFile section */
		C607EEDA1DA96F1400A73F51 /* AppDelegate.swift in Sources */ = {isa = PBXBuildFile; fileRef = C607EED91DA96F1400A73F51 /* AppDelegate.swift */; };
		C607EEDC1DA96F1400A73F51 /* ViewController.swift in Sources */ = {isa = PBXBuildFile; fileRef = C607EEDB1DA96F1400A73F51 /* ViewController.swift */; };
		C607EEDF1DA96F1400A73F51 /* Main.storyboard in Resources */ = {isa = PBXBuildFile; fileRef = C607EEDD1DA96F1400A73F51 /* Main.storyboard */; };
		C607EEE11DA96F1400A73F51 /* Assets.xcassets in Resources */ = {isa = PBXBuildFile; fileRef = C607EEE01DA96F1400A73F51 /* Assets.xcassets */; };
		C607EEE41DA96F1400A73F51 /* LaunchScreen.storyboard in Resources */ = {isa = PBXBuildFile; fileRef = C607EEE21DA96F1400A73F51 /* LaunchScreen.storyboard */; };
		C607EEEF1DA96F1400A73F51 /* ColorPicKitExampleTests.swift in Sources */ = {isa = PBXBuildFile; fileRef = C607EEEE1DA96F1400A73F51 /* ColorPicKitExampleTests.swift */; };
		C607EEFA1DA96F1400A73F51 /* ColorPicKitExampleUITests.swift in Sources */ = {isa = PBXBuildFile; fileRef = C607EEF91DA96F1400A73F51 /* ColorPicKitExampleUITests.swift */; };
		C6125D661DBC0097002B5971 /* RGBA.swift in Sources */ = {isa = PBXBuildFile; fileRef = C6125D621DBC0097002B5971 /* RGBA.swift */; };
		C6125D671DBC0097002B5971 /* HSBA.swift in Sources */ = {isa = PBXBuildFile; fileRef = C6125D631DBC0097002B5971 /* HSBA.swift */; };
		C6125D681DBC0097002B5971 /* CMYKA.swift in Sources */ = {isa = PBXBuildFile; fileRef = C6125D641DBC0097002B5971 /* CMYKA.swift */; };
		C6125D691DBC0097002B5971 /* YUVA.swift in Sources */ = {isa = PBXBuildFile; fileRef = C6125D651DBC0097002B5971 /* YUVA.swift */; };
		C6125D6E1DBC054E002B5971 /* YUVASliderGroupViewController.swift in Sources */ = {isa = PBXBuildFile; fileRef = C6125D6D1DBC054E002B5971 /* YUVASliderGroupViewController.swift */; };
		C6125D701DBC055B002B5971 /* YUVASliderGroup.storyboard in Resources */ = {isa = PBXBuildFile; fileRef = C6125D6F1DBC055B002B5971 /* YUVASliderGroup.storyboard */; };
		C6125D751DBC1DAA002B5971 /* HSLA.swift in Sources */ = {isa = PBXBuildFile; fileRef = C6125D741DBC1DAA002B5971 /* HSLA.swift */; };
		C6125D771DBC27A7002B5971 /* HSLSliderGroup.swift in Sources */ = {isa = PBXBuildFile; fileRef = C6125D761DBC27A7002B5971 /* HSLSliderGroup.swift */; };
		C6125D791DBC28C7002B5971 /* HSLSliderGroupViewController.swift in Sources */ = {isa = PBXBuildFile; fileRef = C6125D781DBC28C7002B5971 /* HSLSliderGroupViewController.swift */; };
		C6125D7B1DBC28D7002B5971 /* HSLSliderGroup.storyboard in Resources */ = {isa = PBXBuildFile; fileRef = C6125D7A1DBC28D7002B5971 /* HSLSliderGroup.storyboard */; };
		C6125D7E1DBC680A002B5971 /* YUVSpectumView.swift in Sources */ = {isa = PBXBuildFile; fileRef = C6125D7D1DBC680A002B5971 /* YUVSpectumView.swift */; };
		C6125D821DBC696B002B5971 /* YUVSpectrumViewController.swift in Sources */ = {isa = PBXBuildFile; fileRef = C6125D811DBC696B002B5971 /* YUVSpectrumViewController.swift */; };
		C6125D841DBC697B002B5971 /* YUVSpectrum.storyboard in Resources */ = {isa = PBXBuildFile; fileRef = C6125D831DBC697B002B5971 /* YUVSpectrum.storyboard */; };
		C647DB171DC05B1500A52D02 /* SpectrumView.swift in Sources */ = {isa = PBXBuildFile; fileRef = C647DB161DC05B1500A52D02 /* SpectrumView.swift */; };
		C647DB1A1DC0600100A52D02 /* WheelView.swift in Sources */ = {isa = PBXBuildFile; fileRef = C647DB191DC0600100A52D02 /* WheelView.swift */; };
		C65329A51DB4686C00D9EDD5 /* HexKeypad.swift in Sources */ = {isa = PBXBuildFile; fileRef = C65329A41DB4686C00D9EDD5 /* HexKeypad.swift */; };
		C65CDFF31DBD6871005981F3 /* HSLSpectrumView.swift in Sources */ = {isa = PBXBuildFile; fileRef = C65CDFF21DBD6871005981F3 /* HSLSpectrumView.swift */; };
		C65CDFF71DBD68FB005981F3 /* HSLSpectrumViewController.swift in Sources */ = {isa = PBXBuildFile; fileRef = C65CDFF61DBD68FB005981F3 /* HSLSpectrumViewController.swift */; };
		C65CDFFC1DBD6928005981F3 /* HSLSpectrum.storyboard in Resources */ = {isa = PBXBuildFile; fileRef = C65CDFFB1DBD6928005981F3 /* HSLSpectrum.storyboard */; };
		C67547111DB18DD100C2CA45 /* Throttle.swift in Sources */ = {isa = PBXBuildFile; fileRef = C67547101DB18DD100C2CA45 /* Throttle.swift */; };
		C67E67A11DC1604B004E6160 /* RGBASliderGroup.swift in Sources */ = {isa = PBXBuildFile; fileRef = C67E67A01DC1604B004E6160 /* RGBASliderGroup.swift */; };
		C67E67A31DC1609B004E6160 /* RGBASliderGroupViewController.swift in Sources */ = {isa = PBXBuildFile; fileRef = C67E67A21DC1609B004E6160 /* RGBASliderGroupViewController.swift */; };
		C67E67A51DC160A4004E6160 /* RGBASliderGroup.storyboard in Resources */ = {isa = PBXBuildFile; fileRef = C67E67A41DC160A4004E6160 /* RGBASliderGroup.storyboard */; };
		C67E67A81DC166C2004E6160 /* SliderGroup.swift in Sources */ = {isa = PBXBuildFile; fileRef = C67E67A71DC166C2004E6160 /* SliderGroup.swift */; };
		C67E67AD1DC16DB0004E6160 /* CMYKASliderGroup.swift in Sources */ = {isa = PBXBuildFile; fileRef = C67E67AC1DC16DB0004E6160 /* CMYKASliderGroup.swift */; };
		C682426E1DC170FE00EFFEFD /* YUVASliderGroup.swift in Sources */ = {isa = PBXBuildFile; fileRef = C682426D1DC170FE00EFFEFD /* YUVASliderGroup.swift */; };
		C68242741DC1738900EFFEFD /* Spectrum.swift in Sources */ = {isa = PBXBuildFile; fileRef = C68242731DC1738900EFFEFD /* Spectrum.swift */; };
		C68242771DC1748900EFFEFD /* HSBASpectrum.swift in Sources */ = {isa = PBXBuildFile; fileRef = C68242761DC1748900EFFEFD /* HSBASpectrum.swift */; };
		C68242791DC1768800EFFEFD /* HSLASpectrum.swift in Sources */ = {isa = PBXBuildFile; fileRef = C68242781DC1768800EFFEFD /* HSLASpectrum.swift */; };
		C682427B1DC1776000EFFEFD /* YUVASpectrum.swift in Sources */ = {isa = PBXBuildFile; fileRef = C682427A1DC1776000EFFEFD /* YUVASpectrum.swift */; };
		C682427E1DC178CE00EFFEFD /* Slider.swift in Sources */ = {isa = PBXBuildFile; fileRef = C682427D1DC178CE00EFFEFD /* Slider.swift */; };
		C68242801DC1794700EFFEFD /* SliderBackgroundView.swift in Sources */ = {isa = PBXBuildFile; fileRef = C682427F1DC1794700EFFEFD /* SliderBackgroundView.swift */; };
		C68AF6961DAC0B8700DA93B5 /* PositionableControl.swift in Sources */ = {isa = PBXBuildFile; fileRef = C68AF6951DAC0B8700DA93B5 /* PositionableControl.swift */; };
		C6B016751DB47D9400B30B3E /* HexKeypadViewController.swift in Sources */ = {isa = PBXBuildFile; fileRef = C6B016741DB47D9400B30B3E /* HexKeypadViewController.swift */; };
		C6B016771DB47DAB00B30B3E /* HexKeypad.storyboard in Resources */ = {isa = PBXBuildFile; fileRef = C6B016761DB47DAB00B30B3E /* HexKeypad.storyboard */; };
		C6D87FAB1DA9F2E3004CB7E3 /* GradientData.swift in Sources */ = {isa = PBXBuildFile; fileRef = C6D87F931DA9F2E3004CB7E3 /* GradientData.swift */; };
		C6D87FAC1DA9F2E3004CB7E3 /* GradientSlider.swift in Sources */ = {isa = PBXBuildFile; fileRef = C6D87F941DA9F2E3004CB7E3 /* GradientSlider.swift */; };
		C6D87FAD1DA9F2E3004CB7E3 /* GradientView.swift in Sources */ = {isa = PBXBuildFile; fileRef = C6D87F951DA9F2E3004CB7E3 /* GradientView.swift */; };
		C6D87FAE1DA9F2E3004CB7E3 /* HSBSliderGroup.swift in Sources */ = {isa = PBXBuildFile; fileRef = C6D87F961DA9F2E3004CB7E3 /* HSBSliderGroup.swift */; };
		C6D87FAF1DA9F2E3004CB7E3 /* HueSlider.swift in Sources */ = {isa = PBXBuildFile; fileRef = C6D87F971DA9F2E3004CB7E3 /* HueSlider.swift */; };
		C6D87FB01DA9F2E3004CB7E3 /* HueView.swift in Sources */ = {isa = PBXBuildFile; fileRef = C6D87F981DA9F2E3004CB7E3 /* HueView.swift */; };
		C6D87FB11DA9F2E3004CB7E3 /* ImagePixelPicker.swift in Sources */ = {isa = PBXBuildFile; fileRef = C6D87F991DA9F2E3004CB7E3 /* ImagePixelPicker.swift */; };
		C6D87FB21DA9F2E3004CB7E3 /* KnobView.swift in Sources */ = {isa = PBXBuildFile; fileRef = C6D87F9A1DA9F2E3004CB7E3 /* KnobView.swift */; };
		C6D87FB51DA9F2E3004CB7E3 /* HSBWheel.swift in Sources */ = {isa = PBXBuildFile; fileRef = C6D87F9D1DA9F2E3004CB7E3 /* HSBWheel.swift */; };
		C6D87FB61DA9F2E3004CB7E3 /* Colorable.swift in Sources */ = {isa = PBXBuildFile; fileRef = C6D87F9F1DA9F2E3004CB7E3 /* Colorable.swift */; };
		C6D87FB71DA9F2E3004CB7E3 /* ColorControl.swift in Sources */ = {isa = PBXBuildFile; fileRef = C6D87FA01DA9F2E3004CB7E3 /* ColorControl.swift */; };
		C6D87FB81DA9F2E3004CB7E3 /* Knob.swift in Sources */ = {isa = PBXBuildFile; fileRef = C6D87FA11DA9F2E3004CB7E3 /* Knob.swift */; };
		C6D87FB91DA9F2E3004CB7E3 /* KnobbedControl.swift in Sources */ = {isa = PBXBuildFile; fileRef = C6D87FA21DA9F2E3004CB7E3 /* KnobbedControl.swift */; };
		C6D87FBA1DA9F2E3004CB7E3 /* SliderControl.swift in Sources */ = {isa = PBXBuildFile; fileRef = C6D87FA31DA9F2E3004CB7E3 /* SliderControl.swift */; };
		C6D87FBB1DA9F2E3004CB7E3 /* SliderControlGroup.swift in Sources */ = {isa = PBXBuildFile; fileRef = C6D87FA41DA9F2E3004CB7E3 /* SliderControlGroup.swift */; };
		C6D87FBC1DA9F2E3004CB7E3 /* UIColor+Utilities.swift in Sources */ = {isa = PBXBuildFile; fileRef = C6D87FA61DA9F2E3004CB7E3 /* UIColor+Utilities.swift */; };
		C6D87FBD1DA9F2E3004CB7E3 /* UIImage+Utilities.swift in Sources */ = {isa = PBXBuildFile; fileRef = C6D87FA71DA9F2E3004CB7E3 /* UIImage+Utilities.swift */; };
		C6D87FBE1DA9F2E3004CB7E3 /* UIView+Utilities.swift in Sources */ = {isa = PBXBuildFile; fileRef = C6D87FA81DA9F2E3004CB7E3 /* UIView+Utilities.swift */; };
		C6D87FC01DA9F2FE004CB7E3 /* LICENSE in Resources */ = {isa = PBXBuildFile; fileRef = C6D87FBF1DA9F2FE004CB7E3 /* LICENSE */; };
		C6D87FC41DA9F3B1004CB7E3 /* BaseViewController.swift in Sources */ = {isa = PBXBuildFile; fileRef = C6D87FC31DA9F3B1004CB7E3 /* BaseViewController.swift */; };
		C6D87FC61DA9F3C2004CB7E3 /* GradientSliderViewController.swift in Sources */ = {isa = PBXBuildFile; fileRef = C6D87FC51DA9F3C2004CB7E3 /* GradientSliderViewController.swift */; };
		C6D87FC81DA9F3CC004CB7E3 /* HueSliderViewController.swift in Sources */ = {isa = PBXBuildFile; fileRef = C6D87FC71DA9F3CC004CB7E3 /* HueSliderViewController.swift */; };
		C6D87FCC1DA9F3DC004CB7E3 /* HSBSliderGroupViewController.swift in Sources */ = {isa = PBXBuildFile; fileRef = C6D87FCB1DA9F3DC004CB7E3 /* HSBSliderGroupViewController.swift */; };
		C6D87FCE1DA9F3E3004CB7E3 /* CMYKASliderGroupViewController.swift in Sources */ = {isa = PBXBuildFile; fileRef = C6D87FCD1DA9F3E3004CB7E3 /* CMYKASliderGroupViewController.swift */; };
		C6D87FD01DA9F3F6004CB7E3 /* HSBSpectrumViewController.swift in Sources */ = {isa = PBXBuildFile; fileRef = C6D87FCF1DA9F3F6004CB7E3 /* HSBSpectrumViewController.swift */; };
		C6D87FD21DA9F402004CB7E3 /* HSBWheelViewController.swift in Sources */ = {isa = PBXBuildFile; fileRef = C6D87FD11DA9F402004CB7E3 /* HSBWheelViewController.swift */; };
		C6D87FD41DA9F40D004CB7E3 /* HSBWheelBrightnessViewController.swift in Sources */ = {isa = PBXBuildFile; fileRef = C6D87FD31DA9F40D004CB7E3 /* HSBWheelBrightnessViewController.swift */; };
		C6D87FD61DA9F41D004CB7E3 /* ImagePixelPickerViewController.swift in Sources */ = {isa = PBXBuildFile; fileRef = C6D87FD51DA9F41D004CB7E3 /* ImagePixelPickerViewController.swift */; };
		C6D87FD81DA9F428004CB7E3 /* GradientSlider.storyboard in Resources */ = {isa = PBXBuildFile; fileRef = C6D87FD71DA9F428004CB7E3 /* GradientSlider.storyboard */; };
		C6D87FDA1DA9F42F004CB7E3 /* HueSlider.storyboard in Resources */ = {isa = PBXBuildFile; fileRef = C6D87FD91DA9F42F004CB7E3 /* HueSlider.storyboard */; };
		C6D87FDE1DA9F43F004CB7E3 /* HSBSliderGroup.storyboard in Resources */ = {isa = PBXBuildFile; fileRef = C6D87FDD1DA9F43F004CB7E3 /* HSBSliderGroup.storyboard */; };
		C6D87FE01DA9F448004CB7E3 /* CMYKASliderGroup.storyboard in Resources */ = {isa = PBXBuildFile; fileRef = C6D87FDF1DA9F448004CB7E3 /* CMYKASliderGroup.storyboard */; };
		C6D87FE21DA9F452004CB7E3 /* HSBSpectrum.storyboard in Resources */ = {isa = PBXBuildFile; fileRef = C6D87FE11DA9F452004CB7E3 /* HSBSpectrum.storyboard */; };
		C6D87FE41DA9F45A004CB7E3 /* HSBWheel.storyboard in Resources */ = {isa = PBXBuildFile; fileRef = C6D87FE31DA9F45A004CB7E3 /* HSBWheel.storyboard */; };
		C6D87FE61DA9F464004CB7E3 /* HSBWheelBrightness.storyboard in Resources */ = {isa = PBXBuildFile; fileRef = C6D87FE51DA9F464004CB7E3 /* HSBWheelBrightness.storyboard */; };
		C6D87FE81DA9F46C004CB7E3 /* ImagePixelPicker.storyboard in Resources */ = {isa = PBXBuildFile; fileRef = C6D87FE71DA9F46C004CB7E3 /* ImagePixelPicker.storyboard */; };
		C6D87FF41DA9F506004CB7E3 /* HSBSpectrumView.swift in Sources */ = {isa = PBXBuildFile; fileRef = C6D87FF31DA9F506004CB7E3 /* HSBSpectrumView.swift */; };
		C6D87FF61DA9F50F004CB7E3 /* HSBWheelView.swift in Sources */ = {isa = PBXBuildFile; fileRef = C6D87FF51DA9F50F004CB7E3 /* HSBWheelView.swift */; };
/* End PBXBuildFile section */

/* Begin PBXContainerItemProxy section */
		C607EEEB1DA96F1400A73F51 /* PBXContainerItemProxy */ = {
			isa = PBXContainerItemProxy;
			containerPortal = C607EECE1DA96F1400A73F51 /* Project object */;
			proxyType = 1;
			remoteGlobalIDString = C607EED51DA96F1400A73F51;
			remoteInfo = ColorPicKitExample;
		};
		C607EEF61DA96F1400A73F51 /* PBXContainerItemProxy */ = {
			isa = PBXContainerItemProxy;
			containerPortal = C607EECE1DA96F1400A73F51 /* Project object */;
			proxyType = 1;
			remoteGlobalIDString = C607EED51DA96F1400A73F51;
			remoteInfo = ColorPicKitExample;
		};
/* End PBXContainerItemProxy section */

/* Begin PBXFileReference section */
		C607EED61DA96F1400A73F51 /* ColorPicKitExample.app */ = {isa = PBXFileReference; explicitFileType = wrapper.application; includeInIndex = 0; path = ColorPicKitExample.app; sourceTree = BUILT_PRODUCTS_DIR; };
		C607EED91DA96F1400A73F51 /* AppDelegate.swift */ = {isa = PBXFileReference; lastKnownFileType = sourcecode.swift; path = AppDelegate.swift; sourceTree = "<group>"; };
		C607EEDB1DA96F1400A73F51 /* ViewController.swift */ = {isa = PBXFileReference; lastKnownFileType = sourcecode.swift; path = ViewController.swift; sourceTree = "<group>"; };
		C607EEDE1DA96F1400A73F51 /* Base */ = {isa = PBXFileReference; lastKnownFileType = file.storyboard; name = Base; path = Base.lproj/Main.storyboard; sourceTree = "<group>"; };
		C607EEE01DA96F1400A73F51 /* Assets.xcassets */ = {isa = PBXFileReference; lastKnownFileType = folder.assetcatalog; path = Assets.xcassets; sourceTree = "<group>"; };
		C607EEE31DA96F1400A73F51 /* Base */ = {isa = PBXFileReference; lastKnownFileType = file.storyboard; name = Base; path = Base.lproj/LaunchScreen.storyboard; sourceTree = "<group>"; };
		C607EEE51DA96F1400A73F51 /* Info.plist */ = {isa = PBXFileReference; lastKnownFileType = text.plist.xml; path = Info.plist; sourceTree = "<group>"; };
		C607EEEA1DA96F1400A73F51 /* ColorPicKitExampleTests.xctest */ = {isa = PBXFileReference; explicitFileType = wrapper.cfbundle; includeInIndex = 0; path = ColorPicKitExampleTests.xctest; sourceTree = BUILT_PRODUCTS_DIR; };
		C607EEEE1DA96F1400A73F51 /* ColorPicKitExampleTests.swift */ = {isa = PBXFileReference; lastKnownFileType = sourcecode.swift; path = ColorPicKitExampleTests.swift; sourceTree = "<group>"; };
		C607EEF01DA96F1400A73F51 /* Info.plist */ = {isa = PBXFileReference; lastKnownFileType = text.plist.xml; path = Info.plist; sourceTree = "<group>"; };
		C607EEF51DA96F1400A73F51 /* ColorPicKitExampleUITests.xctest */ = {isa = PBXFileReference; explicitFileType = wrapper.cfbundle; includeInIndex = 0; path = ColorPicKitExampleUITests.xctest; sourceTree = BUILT_PRODUCTS_DIR; };
		C607EEF91DA96F1400A73F51 /* ColorPicKitExampleUITests.swift */ = {isa = PBXFileReference; lastKnownFileType = sourcecode.swift; path = ColorPicKitExampleUITests.swift; sourceTree = "<group>"; };
		C607EEFB1DA96F1400A73F51 /* Info.plist */ = {isa = PBXFileReference; lastKnownFileType = text.plist.xml; path = Info.plist; sourceTree = "<group>"; };
		C6125D621DBC0097002B5971 /* RGBA.swift */ = {isa = PBXFileReference; fileEncoding = 4; lastKnownFileType = sourcecode.swift; path = RGBA.swift; sourceTree = "<group>"; };
		C6125D631DBC0097002B5971 /* HSBA.swift */ = {isa = PBXFileReference; fileEncoding = 4; lastKnownFileType = sourcecode.swift; path = HSBA.swift; sourceTree = "<group>"; };
		C6125D641DBC0097002B5971 /* CMYKA.swift */ = {isa = PBXFileReference; fileEncoding = 4; lastKnownFileType = sourcecode.swift; path = CMYKA.swift; sourceTree = "<group>"; };
		C6125D651DBC0097002B5971 /* YUVA.swift */ = {isa = PBXFileReference; fileEncoding = 4; lastKnownFileType = sourcecode.swift; path = YUVA.swift; sourceTree = "<group>"; };
		C6125D6D1DBC054E002B5971 /* YUVASliderGroupViewController.swift */ = {isa = PBXFileReference; fileEncoding = 4; lastKnownFileType = sourcecode.swift; path = YUVASliderGroupViewController.swift; sourceTree = "<group>"; };
		C6125D6F1DBC055B002B5971 /* YUVASliderGroup.storyboard */ = {isa = PBXFileReference; fileEncoding = 4; lastKnownFileType = file.storyboard; path = YUVASliderGroup.storyboard; sourceTree = "<group>"; };
		C6125D741DBC1DAA002B5971 /* HSLA.swift */ = {isa = PBXFileReference; fileEncoding = 4; lastKnownFileType = sourcecode.swift; path = HSLA.swift; sourceTree = "<group>"; };
		C6125D761DBC27A7002B5971 /* HSLSliderGroup.swift */ = {isa = PBXFileReference; fileEncoding = 4; lastKnownFileType = sourcecode.swift; path = HSLSliderGroup.swift; sourceTree = "<group>"; };
		C6125D781DBC28C7002B5971 /* HSLSliderGroupViewController.swift */ = {isa = PBXFileReference; fileEncoding = 4; lastKnownFileType = sourcecode.swift; path = HSLSliderGroupViewController.swift; sourceTree = "<group>"; };
		C6125D7A1DBC28D7002B5971 /* HSLSliderGroup.storyboard */ = {isa = PBXFileReference; fileEncoding = 4; lastKnownFileType = file.storyboard; path = HSLSliderGroup.storyboard; sourceTree = "<group>"; };
		C6125D7D1DBC680A002B5971 /* YUVSpectumView.swift */ = {isa = PBXFileReference; fileEncoding = 4; lastKnownFileType = sourcecode.swift; path = YUVSpectumView.swift; sourceTree = "<group>"; };
		C6125D811DBC696B002B5971 /* YUVSpectrumViewController.swift */ = {isa = PBXFileReference; fileEncoding = 4; lastKnownFileType = sourcecode.swift; path = YUVSpectrumViewController.swift; sourceTree = "<group>"; };
		C6125D831DBC697B002B5971 /* YUVSpectrum.storyboard */ = {isa = PBXFileReference; fileEncoding = 4; lastKnownFileType = file.storyboard; path = YUVSpectrum.storyboard; sourceTree = "<group>"; };
		C64730511DAD6BB8007BBAE7 /* ColorPicKit_protocol_class_diagram.svg */ = {isa = PBXFileReference; lastKnownFileType = text; path = ColorPicKit_protocol_class_diagram.svg; sourceTree = "<group>"; };
		C647DB161DC05B1500A52D02 /* SpectrumView.swift */ = {isa = PBXFileReference; fileEncoding = 4; lastKnownFileType = sourcecode.swift; path = SpectrumView.swift; sourceTree = "<group>"; };
		C647DB191DC0600100A52D02 /* WheelView.swift */ = {isa = PBXFileReference; fileEncoding = 4; lastKnownFileType = sourcecode.swift; path = WheelView.swift; sourceTree = "<group>"; };
		C65329A41DB4686C00D9EDD5 /* HexKeypad.swift */ = {isa = PBXFileReference; fileEncoding = 4; lastKnownFileType = sourcecode.swift; path = HexKeypad.swift; sourceTree = "<group>"; };
		C65CDFF21DBD6871005981F3 /* HSLSpectrumView.swift */ = {isa = PBXFileReference; fileEncoding = 4; lastKnownFileType = sourcecode.swift; path = HSLSpectrumView.swift; sourceTree = "<group>"; };
		C65CDFF61DBD68FB005981F3 /* HSLSpectrumViewController.swift */ = {isa = PBXFileReference; fileEncoding = 4; lastKnownFileType = sourcecode.swift; path = HSLSpectrumViewController.swift; sourceTree = "<group>"; };
		C65CDFFB1DBD6928005981F3 /* HSLSpectrum.storyboard */ = {isa = PBXFileReference; fileEncoding = 4; lastKnownFileType = file.storyboard; path = HSLSpectrum.storyboard; sourceTree = "<group>"; };
		C67547101DB18DD100C2CA45 /* Throttle.swift */ = {isa = PBXFileReference; fileEncoding = 4; lastKnownFileType = sourcecode.swift; path = Throttle.swift; sourceTree = "<group>"; };
		C67E67A01DC1604B004E6160 /* RGBASliderGroup.swift */ = {isa = PBXFileReference; fileEncoding = 4; lastKnownFileType = sourcecode.swift; path = RGBASliderGroup.swift; sourceTree = "<group>"; };
		C67E67A21DC1609B004E6160 /* RGBASliderGroupViewController.swift */ = {isa = PBXFileReference; fileEncoding = 4; lastKnownFileType = sourcecode.swift; path = RGBASliderGroupViewController.swift; sourceTree = "<group>"; };
		C67E67A41DC160A4004E6160 /* RGBASliderGroup.storyboard */ = {isa = PBXFileReference; fileEncoding = 4; lastKnownFileType = file.storyboard; path = RGBASliderGroup.storyboard; sourceTree = "<group>"; };
		C67E67A71DC166C2004E6160 /* SliderGroup.swift */ = {isa = PBXFileReference; fileEncoding = 4; lastKnownFileType = sourcecode.swift; path = SliderGroup.swift; sourceTree = "<group>"; };
		C67E67AC1DC16DB0004E6160 /* CMYKASliderGroup.swift */ = {isa = PBXFileReference; fileEncoding = 4; lastKnownFileType = sourcecode.swift; path = CMYKASliderGroup.swift; sourceTree = "<group>"; };
		C682426D1DC170FE00EFFEFD /* YUVASliderGroup.swift */ = {isa = PBXFileReference; fileEncoding = 4; lastKnownFileType = sourcecode.swift; path = YUVASliderGroup.swift; sourceTree = "<group>"; };
		C68242731DC1738900EFFEFD /* Spectrum.swift */ = {isa = PBXFileReference; fileEncoding = 4; lastKnownFileType = sourcecode.swift; path = Spectrum.swift; sourceTree = "<group>"; };
		C68242761DC1748900EFFEFD /* HSBASpectrum.swift */ = {isa = PBXFileReference; fileEncoding = 4; lastKnownFileType = sourcecode.swift; path = HSBASpectrum.swift; sourceTree = "<group>"; };
		C68242781DC1768800EFFEFD /* HSLASpectrum.swift */ = {isa = PBXFileReference; fileEncoding = 4; lastKnownFileType = sourcecode.swift; path = HSLASpectrum.swift; sourceTree = "<group>"; };
		C682427A1DC1776000EFFEFD /* YUVASpectrum.swift */ = {isa = PBXFileReference; fileEncoding = 4; lastKnownFileType = sourcecode.swift; path = YUVASpectrum.swift; sourceTree = "<group>"; };
		C682427D1DC178CE00EFFEFD /* Slider.swift */ = {isa = PBXFileReference; fileEncoding = 4; lastKnownFileType = sourcecode.swift; path = Slider.swift; sourceTree = "<group>"; };
		C682427F1DC1794700EFFEFD /* SliderBackgroundView.swift */ = {isa = PBXFileReference; fileEncoding = 4; lastKnownFileType = sourcecode.swift; path = SliderBackgroundView.swift; sourceTree = "<group>"; };
		C68AF68F1DAB3F8F00DA93B5 /* README.md */ = {isa = PBXFileReference; fileEncoding = 4; lastKnownFileType = net.daringfireball.markdown; path = README.md; sourceTree = "<group>"; };
		C68AF6901DAB3F8F00DA93B5 /* LICENSE */ = {isa = PBXFileReference; fileEncoding = 4; lastKnownFileType = text; path = LICENSE; sourceTree = "<group>"; };
		C68AF6911DAB3F8F00DA93B5 /* ColorPicKit.podspec */ = {isa = PBXFileReference; fileEncoding = 4; lastKnownFileType = text; path = ColorPicKit.podspec; sourceTree = "<group>"; };
		C68AF6951DAC0B8700DA93B5 /* PositionableControl.swift */ = {isa = PBXFileReference; fileEncoding = 4; lastKnownFileType = sourcecode.swift; path = PositionableControl.swift; sourceTree = "<group>"; };
		C6B016741DB47D9400B30B3E /* HexKeypadViewController.swift */ = {isa = PBXFileReference; fileEncoding = 4; lastKnownFileType = sourcecode.swift; path = HexKeypadViewController.swift; sourceTree = "<group>"; };
		C6B016761DB47DAB00B30B3E /* HexKeypad.storyboard */ = {isa = PBXFileReference; fileEncoding = 4; lastKnownFileType = file.storyboard; path = HexKeypad.storyboard; sourceTree = "<group>"; };
		C6D87F901DA9F2E3004CB7E3 /* Links.md */ = {isa = PBXFileReference; fileEncoding = 4; lastKnownFileType = net.daringfireball.markdown; path = Links.md; sourceTree = "<group>"; };
		C6D87F931DA9F2E3004CB7E3 /* GradientData.swift */ = {isa = PBXFileReference; fileEncoding = 4; lastKnownFileType = sourcecode.swift; path = GradientData.swift; sourceTree = "<group>"; };
		C6D87F941DA9F2E3004CB7E3 /* GradientSlider.swift */ = {isa = PBXFileReference; fileEncoding = 4; lastKnownFileType = sourcecode.swift; path = GradientSlider.swift; sourceTree = "<group>"; };
		C6D87F951DA9F2E3004CB7E3 /* GradientView.swift */ = {isa = PBXFileReference; fileEncoding = 4; lastKnownFileType = sourcecode.swift; path = GradientView.swift; sourceTree = "<group>"; };
		C6D87F961DA9F2E3004CB7E3 /* HSBSliderGroup.swift */ = {isa = PBXFileReference; fileEncoding = 4; lastKnownFileType = sourcecode.swift; path = HSBSliderGroup.swift; sourceTree = "<group>"; };
		C6D87F971DA9F2E3004CB7E3 /* HueSlider.swift */ = {isa = PBXFileReference; fileEncoding = 4; lastKnownFileType = sourcecode.swift; path = HueSlider.swift; sourceTree = "<group>"; };
		C6D87F981DA9F2E3004CB7E3 /* HueView.swift */ = {isa = PBXFileReference; fileEncoding = 4; lastKnownFileType = sourcecode.swift; path = HueView.swift; sourceTree = "<group>"; };
		C6D87F991DA9F2E3004CB7E3 /* ImagePixelPicker.swift */ = {isa = PBXFileReference; fileEncoding = 4; lastKnownFileType = sourcecode.swift; path = ImagePixelPicker.swift; sourceTree = "<group>"; };
		C6D87F9A1DA9F2E3004CB7E3 /* KnobView.swift */ = {isa = PBXFileReference; fileEncoding = 4; lastKnownFileType = sourcecode.swift; path = KnobView.swift; sourceTree = "<group>"; };
		C6D87F9D1DA9F2E3004CB7E3 /* HSBWheel.swift */ = {isa = PBXFileReference; fileEncoding = 4; lastKnownFileType = sourcecode.swift; path = HSBWheel.swift; sourceTree = "<group>"; };
		C6D87F9F1DA9F2E3004CB7E3 /* Colorable.swift */ = {isa = PBXFileReference; fileEncoding = 4; lastKnownFileType = sourcecode.swift; path = Colorable.swift; sourceTree = "<group>"; };
		C6D87FA01DA9F2E3004CB7E3 /* ColorControl.swift */ = {isa = PBXFileReference; fileEncoding = 4; lastKnownFileType = sourcecode.swift; path = ColorControl.swift; sourceTree = "<group>"; };
		C6D87FA11DA9F2E3004CB7E3 /* Knob.swift */ = {isa = PBXFileReference; fileEncoding = 4; lastKnownFileType = sourcecode.swift; path = Knob.swift; sourceTree = "<group>"; };
		C6D87FA21DA9F2E3004CB7E3 /* KnobbedControl.swift */ = {isa = PBXFileReference; fileEncoding = 4; lastKnownFileType = sourcecode.swift; path = KnobbedControl.swift; sourceTree = "<group>"; };
		C6D87FA31DA9F2E3004CB7E3 /* SliderControl.swift */ = {isa = PBXFileReference; fileEncoding = 4; lastKnownFileType = sourcecode.swift; path = SliderControl.swift; sourceTree = "<group>"; };
		C6D87FA41DA9F2E3004CB7E3 /* SliderControlGroup.swift */ = {isa = PBXFileReference; fileEncoding = 4; lastKnownFileType = sourcecode.swift; path = SliderControlGroup.swift; sourceTree = "<group>"; };
		C6D87FA61DA9F2E3004CB7E3 /* UIColor+Utilities.swift */ = {isa = PBXFileReference; fileEncoding = 4; lastKnownFileType = sourcecode.swift; path = "UIColor+Utilities.swift"; sourceTree = "<group>"; };
		C6D87FA71DA9F2E3004CB7E3 /* UIImage+Utilities.swift */ = {isa = PBXFileReference; fileEncoding = 4; lastKnownFileType = sourcecode.swift; path = "UIImage+Utilities.swift"; sourceTree = "<group>"; };
		C6D87FA81DA9F2E3004CB7E3 /* UIView+Utilities.swift */ = {isa = PBXFileReference; fileEncoding = 4; lastKnownFileType = sourcecode.swift; path = "UIView+Utilities.swift"; sourceTree = "<group>"; };
		C6D87FBF1DA9F2FE004CB7E3 /* LICENSE */ = {isa = PBXFileReference; fileEncoding = 4; lastKnownFileType = text; path = LICENSE; sourceTree = "<group>"; };
		C6D87FC31DA9F3B1004CB7E3 /* BaseViewController.swift */ = {isa = PBXFileReference; fileEncoding = 4; lastKnownFileType = sourcecode.swift; path = BaseViewController.swift; sourceTree = "<group>"; };
		C6D87FC51DA9F3C2004CB7E3 /* GradientSliderViewController.swift */ = {isa = PBXFileReference; fileEncoding = 4; lastKnownFileType = sourcecode.swift; path = GradientSliderViewController.swift; sourceTree = "<group>"; };
		C6D87FC71DA9F3CC004CB7E3 /* HueSliderViewController.swift */ = {isa = PBXFileReference; fileEncoding = 4; lastKnownFileType = sourcecode.swift; path = HueSliderViewController.swift; sourceTree = "<group>"; };
		C6D87FCB1DA9F3DC004CB7E3 /* HSBSliderGroupViewController.swift */ = {isa = PBXFileReference; fileEncoding = 4; lastKnownFileType = sourcecode.swift; path = HSBSliderGroupViewController.swift; sourceTree = "<group>"; };
		C6D87FCD1DA9F3E3004CB7E3 /* CMYKASliderGroupViewController.swift */ = {isa = PBXFileReference; fileEncoding = 4; lastKnownFileType = sourcecode.swift; path = CMYKASliderGroupViewController.swift; sourceTree = "<group>"; };
		C6D87FCF1DA9F3F6004CB7E3 /* HSBSpectrumViewController.swift */ = {isa = PBXFileReference; fileEncoding = 4; lastKnownFileType = sourcecode.swift; path = HSBSpectrumViewController.swift; sourceTree = "<group>"; };
		C6D87FD11DA9F402004CB7E3 /* HSBWheelViewController.swift */ = {isa = PBXFileReference; fileEncoding = 4; lastKnownFileType = sourcecode.swift; path = HSBWheelViewController.swift; sourceTree = "<group>"; };
		C6D87FD31DA9F40D004CB7E3 /* HSBWheelBrightnessViewController.swift */ = {isa = PBXFileReference; fileEncoding = 4; lastKnownFileType = sourcecode.swift; path = HSBWheelBrightnessViewController.swift; sourceTree = "<group>"; };
		C6D87FD51DA9F41D004CB7E3 /* ImagePixelPickerViewController.swift */ = {isa = PBXFileReference; fileEncoding = 4; lastKnownFileType = sourcecode.swift; path = ImagePixelPickerViewController.swift; sourceTree = "<group>"; };
		C6D87FD71DA9F428004CB7E3 /* GradientSlider.storyboard */ = {isa = PBXFileReference; fileEncoding = 4; lastKnownFileType = file.storyboard; path = GradientSlider.storyboard; sourceTree = "<group>"; };
		C6D87FD91DA9F42F004CB7E3 /* HueSlider.storyboard */ = {isa = PBXFileReference; fileEncoding = 4; lastKnownFileType = file.storyboard; path = HueSlider.storyboard; sourceTree = "<group>"; };
		C6D87FDD1DA9F43F004CB7E3 /* HSBSliderGroup.storyboard */ = {isa = PBXFileReference; fileEncoding = 4; lastKnownFileType = file.storyboard; path = HSBSliderGroup.storyboard; sourceTree = "<group>"; };
		C6D87FDF1DA9F448004CB7E3 /* CMYKASliderGroup.storyboard */ = {isa = PBXFileReference; fileEncoding = 4; lastKnownFileType = file.storyboard; path = CMYKASliderGroup.storyboard; sourceTree = "<group>"; };
		C6D87FE11DA9F452004CB7E3 /* HSBSpectrum.storyboard */ = {isa = PBXFileReference; fileEncoding = 4; lastKnownFileType = file.storyboard; path = HSBSpectrum.storyboard; sourceTree = "<group>"; };
		C6D87FE31DA9F45A004CB7E3 /* HSBWheel.storyboard */ = {isa = PBXFileReference; fileEncoding = 4; lastKnownFileType = file.storyboard; path = HSBWheel.storyboard; sourceTree = "<group>"; };
		C6D87FE51DA9F464004CB7E3 /* HSBWheelBrightness.storyboard */ = {isa = PBXFileReference; fileEncoding = 4; lastKnownFileType = file.storyboard; path = HSBWheelBrightness.storyboard; sourceTree = "<group>"; };
		C6D87FE71DA9F46C004CB7E3 /* ImagePixelPicker.storyboard */ = {isa = PBXFileReference; fileEncoding = 4; lastKnownFileType = file.storyboard; path = ImagePixelPicker.storyboard; sourceTree = "<group>"; };
		C6D87FF31DA9F506004CB7E3 /* HSBSpectrumView.swift */ = {isa = PBXFileReference; fileEncoding = 4; lastKnownFileType = sourcecode.swift; path = HSBSpectrumView.swift; sourceTree = "<group>"; };
		C6D87FF51DA9F50F004CB7E3 /* HSBWheelView.swift */ = {isa = PBXFileReference; fileEncoding = 4; lastKnownFileType = sourcecode.swift; path = HSBWheelView.swift; sourceTree = "<group>"; };
/* End PBXFileReference section */

/* Begin PBXFrameworksBuildPhase section */
		C607EED31DA96F1400A73F51 /* Frameworks */ = {
			isa = PBXFrameworksBuildPhase;
			buildActionMask = 2147483647;
			files = (
			);
			runOnlyForDeploymentPostprocessing = 0;
		};
		C607EEE71DA96F1400A73F51 /* Frameworks */ = {
			isa = PBXFrameworksBuildPhase;
			buildActionMask = 2147483647;
			files = (
			);
			runOnlyForDeploymentPostprocessing = 0;
		};
		C607EEF21DA96F1400A73F51 /* Frameworks */ = {
			isa = PBXFrameworksBuildPhase;
			buildActionMask = 2147483647;
			files = (
			);
			runOnlyForDeploymentPostprocessing = 0;
		};
/* End PBXFrameworksBuildPhase section */

/* Begin PBXGroup section */
		C607EECD1DA96F1400A73F51 = {
			isa = PBXGroup;
			children = (
				C68AF68F1DAB3F8F00DA93B5 /* README.md */,
				C68AF6901DAB3F8F00DA93B5 /* LICENSE */,
				C68AF6911DAB3F8F00DA93B5 /* ColorPicKit.podspec */,
				C607EF091DA9763200A73F51 /* ColorPicKit */,
				C607EED81DA96F1400A73F51 /* ColorPicKitExample */,
				C607EEED1DA96F1400A73F51 /* ColorPicKitExampleTests */,
				C607EEF81DA96F1400A73F51 /* ColorPicKitExampleUITests */,
				C607EED71DA96F1400A73F51 /* Products */,
			);
			sourceTree = "<group>";
		};
		C607EED71DA96F1400A73F51 /* Products */ = {
			isa = PBXGroup;
			children = (
				C607EED61DA96F1400A73F51 /* ColorPicKitExample.app */,
				C607EEEA1DA96F1400A73F51 /* ColorPicKitExampleTests.xctest */,
				C607EEF51DA96F1400A73F51 /* ColorPicKitExampleUITests.xctest */,
			);
			name = Products;
			sourceTree = "<group>";
		};
		C607EED81DA96F1400A73F51 /* ColorPicKitExample */ = {
			isa = PBXGroup;
			children = (
				C6D87FC11DA9F390004CB7E3 /* ViewControllers */,
				C607EED91DA96F1400A73F51 /* AppDelegate.swift */,
				C607EEE01DA96F1400A73F51 /* Assets.xcassets */,
				C607EEE21DA96F1400A73F51 /* LaunchScreen.storyboard */,
				C607EEE51DA96F1400A73F51 /* Info.plist */,
			);
			path = ColorPicKitExample;
			sourceTree = "<group>";
		};
		C607EEED1DA96F1400A73F51 /* ColorPicKitExampleTests */ = {
			isa = PBXGroup;
			children = (
				C607EEEE1DA96F1400A73F51 /* ColorPicKitExampleTests.swift */,
				C607EEF01DA96F1400A73F51 /* Info.plist */,
			);
			path = ColorPicKitExampleTests;
			sourceTree = "<group>";
		};
		C607EEF81DA96F1400A73F51 /* ColorPicKitExampleUITests */ = {
			isa = PBXGroup;
			children = (
				C607EEF91DA96F1400A73F51 /* ColorPicKitExampleUITests.swift */,
				C607EEFB1DA96F1400A73F51 /* Info.plist */,
			);
			path = ColorPicKitExampleUITests;
			sourceTree = "<group>";
		};
		C607EF091DA9763200A73F51 /* ColorPicKit */ = {
			isa = PBXGroup;
			children = (
				C6D87FA51DA9F2E3004CB7E3 /* Categories */,
				C6125D731DBC1D9C002B5971 /* Structs */,
				C6D87F911DA9F2E3004CB7E3 /* Classes */,
				C6D87F8F1DA9F2E3004CB7E3 /* Documents */,
				C6D87F9E1DA9F2E3004CB7E3 /* Protocols */,
				C675470F1DB18DC600C2CA45 /* Utilities */,
			);
			path = ColorPicKit;
			sourceTree = "<group>";
		};
		C6125D6C1DBC052F002B5971 /* YUVASliderGroup */ = {
			isa = PBXGroup;
			children = (
				C6125D6D1DBC054E002B5971 /* YUVASliderGroupViewController.swift */,
				C6125D6F1DBC055B002B5971 /* YUVASliderGroup.storyboard */,
			);
			name = YUVASliderGroup;
			sourceTree = "<group>";
		};
		C6125D731DBC1D9C002B5971 /* Structs */ = {
			isa = PBXGroup;
			children = (
				C6125D621DBC0097002B5971 /* RGBA.swift */,
				C6125D631DBC0097002B5971 /* HSBA.swift */,
				C6125D741DBC1DAA002B5971 /* HSLA.swift */,
				C6125D641DBC0097002B5971 /* CMYKA.swift */,
				C6125D651DBC0097002B5971 /* YUVA.swift */,
			);
			name = Structs;
			path = Classes;
			sourceTree = "<group>";
		};
		C6125D7C1DBC28E7002B5971 /* HSLSliderGroup */ = {
			isa = PBXGroup;
			children = (
				C6125D781DBC28C7002B5971 /* HSLSliderGroupViewController.swift */,
				C6125D7A1DBC28D7002B5971 /* HSLSliderGroup.storyboard */,
			);
			name = HSLSliderGroup;
			sourceTree = "<group>";
		};
		C6125D851DBC697F002B5971 /* YUVSpectrum */ = {
			isa = PBXGroup;
			children = (
				C6125D811DBC696B002B5971 /* YUVSpectrumViewController.swift */,
				C6125D831DBC697B002B5971 /* YUVSpectrum.storyboard */,
			);
			name = YUVSpectrum;
			sourceTree = "<group>";
		};
		C6125D861DBC6986002B5971 /* HexKeypad */ = {
			isa = PBXGroup;
			children = (
				C6B016741DB47D9400B30B3E /* HexKeypadViewController.swift */,
				C6B016761DB47DAB00B30B3E /* HexKeypad.storyboard */,
			);
			name = HexKeypad;
			sourceTree = "<group>";
		};
		C647DB181DC05FED00A52D02 /* Spectrum */ = {
			isa = PBXGroup;
			children = (
				C647DB161DC05B1500A52D02 /* SpectrumView.swift */,
				C6D87FF31DA9F506004CB7E3 /* HSBSpectrumView.swift */,
				C65CDFF21DBD6871005981F3 /* HSLSpectrumView.swift */,
				C6125D7D1DBC680A002B5971 /* YUVSpectumView.swift */,
			);
			name = Spectrum;
			sourceTree = "<group>";
		};
		C647DB1B1DC0600400A52D02 /* Wheel */ = {
			isa = PBXGroup;
			children = (
				C6D87FF51DA9F50F004CB7E3 /* HSBWheelView.swift */,
				C647DB191DC0600100A52D02 /* WheelView.swift */,
			);
			name = Wheel;
			sourceTree = "<group>";
		};
		C65CDFFA1DBD6908005981F3 /* HSLSpectrum */ = {
			isa = PBXGroup;
			children = (
				C65CDFF61DBD68FB005981F3 /* HSLSpectrumViewController.swift */,
				C65CDFFB1DBD6928005981F3 /* HSLSpectrum.storyboard */,
			);
			name = HSLSpectrum;
			sourceTree = "<group>";
		};
		C675470F1DB18DC600C2CA45 /* Utilities */ = {
			isa = PBXGroup;
			children = (
				C67547101DB18DD100C2CA45 /* Throttle.swift */,
			);
			path = Utilities;
			sourceTree = "<group>";
		};
		C67E67A61DC160A8004E6160 /* RGBASliderGroup */ = {
			isa = PBXGroup;
			children = (
				C67E67A41DC160A4004E6160 /* RGBASliderGroup.storyboard */,
				C67E67A21DC1609B004E6160 /* RGBASliderGroupViewController.swift */,
			);
			name = RGBASliderGroup;
			sourceTree = "<group>";
		};
		C67E67AB1DC16D95004E6160 /* SliderGroup */ = {
			isa = PBXGroup;
			children = (
				C67E67A71DC166C2004E6160 /* SliderGroup.swift */,
				C67E67A01DC1604B004E6160 /* RGBASliderGroup.swift */,
				C67E67AC1DC16DB0004E6160 /* CMYKASliderGroup.swift */,
				C6D87F961DA9F2E3004CB7E3 /* HSBSliderGroup.swift */,
				C6125D761DBC27A7002B5971 /* HSLSliderGroup.swift */,
				C682426D1DC170FE00EFFEFD /* YUVASliderGroup.swift */,
			);
			name = SliderGroup;
			sourceTree = "<group>";
		};
		C68242751DC1739000EFFEFD /* Spectrum */ = {
			isa = PBXGroup;
			children = (
				C68242731DC1738900EFFEFD /* Spectrum.swift */,
				C68242761DC1748900EFFEFD /* HSBASpectrum.swift */,
				C68242781DC1768800EFFEFD /* HSLASpectrum.swift */,
				C682427A1DC1776000EFFEFD /* YUVASpectrum.swift */,
			);
			name = Spectrum;
			sourceTree = "<group>";
		};
		C682427C1DC178C100EFFEFD /* Slider */ = {
			isa = PBXGroup;
			children = (
				C682427D1DC178CE00EFFEFD /* Slider.swift */,
				C6D87F941DA9F2E3004CB7E3 /* GradientSlider.swift */,
				C6D87F971DA9F2E3004CB7E3 /* HueSlider.swift */,
			);
			name = Slider;
			sourceTree = "<group>";
		};
		C6D87F8F1DA9F2E3004CB7E3 /* Documents */ = {
			isa = PBXGroup;
			children = (
				C64730511DAD6BB8007BBAE7 /* ColorPicKit_protocol_class_diagram.svg */,
				C6D87FBF1DA9F2FE004CB7E3 /* LICENSE */,
				C6D87F901DA9F2E3004CB7E3 /* Links.md */,
			);
			path = Documents;
			sourceTree = "<group>";
		};
		C6D87F911DA9F2E3004CB7E3 /* Classes */ = {
			isa = PBXGroup;
			children = (
				C6D87FF21DA9F4DF004CB7E3 /* Helpers */,
				C682427C1DC178C100EFFEFD /* Slider */,
				C67E67AB1DC16D95004E6160 /* SliderGroup */,
				C68242751DC1739000EFFEFD /* Spectrum */,
				C6D87F9D1DA9F2E3004CB7E3 /* HSBWheel.swift */,
				C6D87F991DA9F2E3004CB7E3 /* ImagePixelPicker.swift */,
				C6D87F9A1DA9F2E3004CB7E3 /* KnobView.swift */,
				C65329A41DB4686C00D9EDD5 /* HexKeypad.swift */,
			);
			path = Classes;
			sourceTree = "<group>";
		};
		C6D87F9E1DA9F2E3004CB7E3 /* Protocols */ = {
			isa = PBXGroup;
			children = (
				C6D87F9F1DA9F2E3004CB7E3 /* Colorable.swift */,
				C6D87FA01DA9F2E3004CB7E3 /* ColorControl.swift */,
				C6D87FA11DA9F2E3004CB7E3 /* Knob.swift */,
				C6D87FA21DA9F2E3004CB7E3 /* KnobbedControl.swift */,
				C6D87FA31DA9F2E3004CB7E3 /* SliderControl.swift */,
				C6D87FA41DA9F2E3004CB7E3 /* SliderControlGroup.swift */,
				C68AF6951DAC0B8700DA93B5 /* PositionableControl.swift */,
			);
			path = Protocols;
			sourceTree = "<group>";
		};
		C6D87FA51DA9F2E3004CB7E3 /* Categories */ = {
			isa = PBXGroup;
			children = (
				C6D87FA61DA9F2E3004CB7E3 /* UIColor+Utilities.swift */,
				C6D87FA71DA9F2E3004CB7E3 /* UIImage+Utilities.swift */,
				C6D87FA81DA9F2E3004CB7E3 /* UIView+Utilities.swift */,
			);
			path = Categories;
			sourceTree = "<group>";
		};
		C6D87FC11DA9F390004CB7E3 /* ViewControllers */ = {
			isa = PBXGroup;
			children = (
				C607EEDD1DA96F1400A73F51 /* Main.storyboard */,
				C607EEDB1DA96F1400A73F51 /* ViewController.swift */,
				C6D87FC21DA9F3A0004CB7E3 /* Controls */,
			);
			name = ViewControllers;
			sourceTree = "<group>";
		};
		C6D87FC21DA9F3A0004CB7E3 /* Controls */ = {
			isa = PBXGroup;
			children = (
				C6D87FC31DA9F3B1004CB7E3 /* BaseViewController.swift */,
				C6D87FEA1DA9F47F004CB7E3 /* GradientSlider */,
				C6D87FEF1DA9F4AA004CB7E3 /* HueSlider */,
				C67E67A61DC160A8004E6160 /* RGBASliderGroup */,
				C6D87FEB1DA9F48C004CB7E3 /* HSBSliderGroup */,
				C6125D7C1DBC28E7002B5971 /* HSLSliderGroup */,
				C6D87FE91DA9F47B004CB7E3 /* CMYKASliderGroup */,
				C6125D6C1DBC052F002B5971 /* YUVASliderGroup */,
				C6D87FEC1DA9F492004CB7E3 /* HSBSpectrum */,
				C65CDFFA1DBD6908005981F3 /* HSLSpectrum */,
				C6D87FED1DA9F49D004CB7E3 /* HSBWheel */,
				C6D87FEE1DA9F4A3004CB7E3 /* HSBWheelBrightness */,
				C6D87FF01DA9F4AF004CB7E3 /* ImagePicker */,
				C6125D861DBC6986002B5971 /* HexKeypad */,
				C6125D851DBC697F002B5971 /* YUVSpectrum */,
			);
			name = Controls;
			sourceTree = "<group>";
		};
		C6D87FE91DA9F47B004CB7E3 /* CMYKASliderGroup */ = {
			isa = PBXGroup;
			children = (
				C6D87FDF1DA9F448004CB7E3 /* CMYKASliderGroup.storyboard */,
				C6D87FCD1DA9F3E3004CB7E3 /* CMYKASliderGroupViewController.swift */,
			);
			name = CMYKASliderGroup;
			sourceTree = "<group>";
		};
		C6D87FEA1DA9F47F004CB7E3 /* GradientSlider */ = {
			isa = PBXGroup;
			children = (
				C6D87FD71DA9F428004CB7E3 /* GradientSlider.storyboard */,
				C6D87FC51DA9F3C2004CB7E3 /* GradientSliderViewController.swift */,
			);
			name = GradientSlider;
			sourceTree = "<group>";
		};
		C6D87FEB1DA9F48C004CB7E3 /* HSBSliderGroup */ = {
			isa = PBXGroup;
			children = (
				C6D87FDD1DA9F43F004CB7E3 /* HSBSliderGroup.storyboard */,
				C6D87FCB1DA9F3DC004CB7E3 /* HSBSliderGroupViewController.swift */,
			);
			name = HSBSliderGroup;
			sourceTree = "<group>";
		};
		C6D87FEC1DA9F492004CB7E3 /* HSBSpectrum */ = {
			isa = PBXGroup;
			children = (
				C6D87FE11DA9F452004CB7E3 /* HSBSpectrum.storyboard */,
				C6D87FCF1DA9F3F6004CB7E3 /* HSBSpectrumViewController.swift */,
			);
			name = HSBSpectrum;
			sourceTree = "<group>";
		};
		C6D87FED1DA9F49D004CB7E3 /* HSBWheel */ = {
			isa = PBXGroup;
			children = (
				C6D87FE31DA9F45A004CB7E3 /* HSBWheel.storyboard */,
				C6D87FD11DA9F402004CB7E3 /* HSBWheelViewController.swift */,
			);
			name = HSBWheel;
			sourceTree = "<group>";
		};
		C6D87FEE1DA9F4A3004CB7E3 /* HSBWheelBrightness */ = {
			isa = PBXGroup;
			children = (
				C6D87FE51DA9F464004CB7E3 /* HSBWheelBrightness.storyboard */,
				C6D87FD31DA9F40D004CB7E3 /* HSBWheelBrightnessViewController.swift */,
			);
			name = HSBWheelBrightness;
			sourceTree = "<group>";
		};
		C6D87FEF1DA9F4AA004CB7E3 /* HueSlider */ = {
			isa = PBXGroup;
			children = (
				C6D87FD91DA9F42F004CB7E3 /* HueSlider.storyboard */,
				C6D87FC71DA9F3CC004CB7E3 /* HueSliderViewController.swift */,
			);
			name = HueSlider;
			sourceTree = "<group>";
		};
		C6D87FF01DA9F4AF004CB7E3 /* ImagePicker */ = {
			isa = PBXGroup;
			children = (
				C6D87FE71DA9F46C004CB7E3 /* ImagePixelPicker.storyboard */,
				C6D87FD51DA9F41D004CB7E3 /* ImagePixelPickerViewController.swift */,
			);
			name = ImagePicker;
			sourceTree = "<group>";
		};
		C6D87FF21DA9F4DF004CB7E3 /* Helpers */ = {
			isa = PBXGroup;
			children = (
				C6D87F931DA9F2E3004CB7E3 /* GradientData.swift */,
				C682427F1DC1794700EFFEFD /* SliderBackgroundView.swift */,
				C6D87F951DA9F2E3004CB7E3 /* GradientView.swift */,
				C6D87F981DA9F2E3004CB7E3 /* HueView.swift */,
				C647DB181DC05FED00A52D02 /* Spectrum */,
				C647DB1B1DC0600400A52D02 /* Wheel */,
			);
			name = Helpers;
			sourceTree = "<group>";
		};
/* End PBXGroup section */

/* Begin PBXNativeTarget section */
		C607EED51DA96F1400A73F51 /* ColorPicKitExample */ = {
			isa = PBXNativeTarget;
			buildConfigurationList = C607EEFE1DA96F1500A73F51 /* Build configuration list for PBXNativeTarget "ColorPicKitExample" */;
			buildPhases = (
				C607EED21DA96F1400A73F51 /* Sources */,
				C607EED31DA96F1400A73F51 /* Frameworks */,
				C607EED41DA96F1400A73F51 /* Resources */,
			);
			buildRules = (
			);
			dependencies = (
			);
			name = ColorPicKitExample;
			productName = ColorPicKitExample;
			productReference = C607EED61DA96F1400A73F51 /* ColorPicKitExample.app */;
			productType = "com.apple.product-type.application";
		};
		C607EEE91DA96F1400A73F51 /* ColorPicKitExampleTests */ = {
			isa = PBXNativeTarget;
			buildConfigurationList = C607EF011DA96F1500A73F51 /* Build configuration list for PBXNativeTarget "ColorPicKitExampleTests" */;
			buildPhases = (
				C607EEE61DA96F1400A73F51 /* Sources */,
				C607EEE71DA96F1400A73F51 /* Frameworks */,
				C607EEE81DA96F1400A73F51 /* Resources */,
			);
			buildRules = (
			);
			dependencies = (
				C607EEEC1DA96F1400A73F51 /* PBXTargetDependency */,
			);
			name = ColorPicKitExampleTests;
			productName = ColorPicKitExampleTests;
			productReference = C607EEEA1DA96F1400A73F51 /* ColorPicKitExampleTests.xctest */;
			productType = "com.apple.product-type.bundle.unit-test";
		};
		C607EEF41DA96F1400A73F51 /* ColorPicKitExampleUITests */ = {
			isa = PBXNativeTarget;
			buildConfigurationList = C607EF041DA96F1500A73F51 /* Build configuration list for PBXNativeTarget "ColorPicKitExampleUITests" */;
			buildPhases = (
				C607EEF11DA96F1400A73F51 /* Sources */,
				C607EEF21DA96F1400A73F51 /* Frameworks */,
				C607EEF31DA96F1400A73F51 /* Resources */,
			);
			buildRules = (
			);
			dependencies = (
				C607EEF71DA96F1400A73F51 /* PBXTargetDependency */,
			);
			name = ColorPicKitExampleUITests;
			productName = ColorPicKitExampleUITests;
			productReference = C607EEF51DA96F1400A73F51 /* ColorPicKitExampleUITests.xctest */;
			productType = "com.apple.product-type.bundle.ui-testing";
		};
/* End PBXNativeTarget section */

/* Begin PBXProject section */
		C607EECE1DA96F1400A73F51 /* Project object */ = {
			isa = PBXProject;
			attributes = {
				LastSwiftUpdateCheck = 0800;
				LastUpgradeCheck = 0800;
				ORGANIZATIONNAME = "Zakk Hoyt";
				TargetAttributes = {
					C607EED51DA96F1400A73F51 = {
						CreatedOnToolsVersion = 8.0;
						DevelopmentTeam = J7U74N85YF;
						ProvisioningStyle = Automatic;
					};
					C607EEE91DA96F1400A73F51 = {
						CreatedOnToolsVersion = 8.0;
						DevelopmentTeam = J7U74N85YF;
						ProvisioningStyle = Automatic;
						TestTargetID = C607EED51DA96F1400A73F51;
					};
					C607EEF41DA96F1400A73F51 = {
						CreatedOnToolsVersion = 8.0;
						DevelopmentTeam = J7U74N85YF;
						ProvisioningStyle = Automatic;
						TestTargetID = C607EED51DA96F1400A73F51;
					};
				};
			};
			buildConfigurationList = C607EED11DA96F1400A73F51 /* Build configuration list for PBXProject "ColorPicKitExample" */;
			compatibilityVersion = "Xcode 3.2";
			developmentRegion = English;
			hasScannedForEncodings = 0;
			knownRegions = (
				en,
				Base,
			);
			mainGroup = C607EECD1DA96F1400A73F51;
			productRefGroup = C607EED71DA96F1400A73F51 /* Products */;
			projectDirPath = "";
			projectRoot = "";
			targets = (
				C607EED51DA96F1400A73F51 /* ColorPicKitExample */,
				C607EEE91DA96F1400A73F51 /* ColorPicKitExampleTests */,
				C607EEF41DA96F1400A73F51 /* ColorPicKitExampleUITests */,
			);
		};
/* End PBXProject section */

/* Begin PBXResourcesBuildPhase section */
		C607EED41DA96F1400A73F51 /* Resources */ = {
			isa = PBXResourcesBuildPhase;
			buildActionMask = 2147483647;
			files = (
				C6B016771DB47DAB00B30B3E /* HexKeypad.storyboard in Resources */,
				C6D87FE01DA9F448004CB7E3 /* CMYKASliderGroup.storyboard in Resources */,
				C6D87FDA1DA9F42F004CB7E3 /* HueSlider.storyboard in Resources */,
				C607EEE41DA96F1400A73F51 /* LaunchScreen.storyboard in Resources */,
				C607EEE11DA96F1400A73F51 /* Assets.xcassets in Resources */,
				C6D87FE21DA9F452004CB7E3 /* HSBSpectrum.storyboard in Resources */,
				C6125D7B1DBC28D7002B5971 /* HSLSliderGroup.storyboard in Resources */,
				C67E67A51DC160A4004E6160 /* RGBASliderGroup.storyboard in Resources */,
				C6D87FD81DA9F428004CB7E3 /* GradientSlider.storyboard in Resources */,
				C6D87FE81DA9F46C004CB7E3 /* ImagePixelPicker.storyboard in Resources */,
				C6D87FDE1DA9F43F004CB7E3 /* HSBSliderGroup.storyboard in Resources */,
				C65CDFFC1DBD6928005981F3 /* HSLSpectrum.storyboard in Resources */,
				C6D87FC01DA9F2FE004CB7E3 /* LICENSE in Resources */,
				C6125D841DBC697B002B5971 /* YUVSpectrum.storyboard in Resources */,
				C607EEDF1DA96F1400A73F51 /* Main.storyboard in Resources */,
				C6D87FE41DA9F45A004CB7E3 /* HSBWheel.storyboard in Resources */,
				C6125D701DBC055B002B5971 /* YUVASliderGroup.storyboard in Resources */,
				C6D87FE61DA9F464004CB7E3 /* HSBWheelBrightness.storyboard in Resources */,
			);
			runOnlyForDeploymentPostprocessing = 0;
		};
		C607EEE81DA96F1400A73F51 /* Resources */ = {
			isa = PBXResourcesBuildPhase;
			buildActionMask = 2147483647;
			files = (
			);
			runOnlyForDeploymentPostprocessing = 0;
		};
		C607EEF31DA96F1400A73F51 /* Resources */ = {
			isa = PBXResourcesBuildPhase;
			buildActionMask = 2147483647;
			files = (
			);
			runOnlyForDeploymentPostprocessing = 0;
		};
/* End PBXResourcesBuildPhase section */

/* Begin PBXSourcesBuildPhase section */
		C607EED21DA96F1400A73F51 /* Sources */ = {
			isa = PBXSourcesBuildPhase;
			buildActionMask = 2147483647;
			files = (
				C607EEDC1DA96F1400A73F51 /* ViewController.swift in Sources */,
				C6125D661DBC0097002B5971 /* RGBA.swift in Sources */,
				C67E67AD1DC16DB0004E6160 /* CMYKASliderGroup.swift in Sources */,
				C6D87FCE1DA9F3E3004CB7E3 /* CMYKASliderGroupViewController.swift in Sources */,
				C65CDFF71DBD68FB005981F3 /* HSLSpectrumViewController.swift in Sources */,
				C6D87FC61DA9F3C2004CB7E3 /* GradientSliderViewController.swift in Sources */,
				C6D87FB51DA9F2E3004CB7E3 /* HSBWheel.swift in Sources */,
				C607EEDA1DA96F1400A73F51 /* AppDelegate.swift in Sources */,
				C6125D791DBC28C7002B5971 /* HSLSliderGroupViewController.swift in Sources */,
				C6D87FAF1DA9F2E3004CB7E3 /* HueSlider.swift in Sources */,
				C6D87FF61DA9F50F004CB7E3 /* HSBWheelView.swift in Sources */,
				C682426E1DC170FE00EFFEFD /* YUVASliderGroup.swift in Sources */,
				C67E67A81DC166C2004E6160 /* SliderGroup.swift in Sources */,
				C6125D821DBC696B002B5971 /* YUVSpectrumViewController.swift in Sources */,
				C6D87FD21DA9F402004CB7E3 /* HSBWheelViewController.swift in Sources */,
				C6D87FC81DA9F3CC004CB7E3 /* HueSliderViewController.swift in Sources */,
				C6D87FD01DA9F3F6004CB7E3 /* HSBSpectrumViewController.swift in Sources */,
				C6D87FB01DA9F2E3004CB7E3 /* HueView.swift in Sources */,
				C68242791DC1768800EFFEFD /* HSLASpectrum.swift in Sources */,
				C68AF6961DAC0B8700DA93B5 /* PositionableControl.swift in Sources */,
				C682427B1DC1776000EFFEFD /* YUVASpectrum.swift in Sources */,
				C647DB171DC05B1500A52D02 /* SpectrumView.swift in Sources */,
				C6D87FAD1DA9F2E3004CB7E3 /* GradientView.swift in Sources */,
				C6125D691DBC0097002B5971 /* YUVA.swift in Sources */,
				C6D87FB11DA9F2E3004CB7E3 /* ImagePixelPicker.swift in Sources */,
				C6D87FB71DA9F2E3004CB7E3 /* ColorControl.swift in Sources */,
				C68242741DC1738900EFFEFD /* Spectrum.swift in Sources */,
				C6D87FAC1DA9F2E3004CB7E3 /* GradientSlider.swift in Sources */,
				C6D87FCC1DA9F3DC004CB7E3 /* HSBSliderGroupViewController.swift in Sources */,
				C6D87FD61DA9F41D004CB7E3 /* ImagePixelPickerViewController.swift in Sources */,
				C6D87FB81DA9F2E3004CB7E3 /* Knob.swift in Sources */,
				C6B016751DB47D9400B30B3E /* HexKeypadViewController.swift in Sources */,
				C6D87FBA1DA9F2E3004CB7E3 /* SliderControl.swift in Sources */,
				C6D87FD41DA9F40D004CB7E3 /* HSBWheelBrightnessViewController.swift in Sources */,
				C6125D681DBC0097002B5971 /* CMYKA.swift in Sources */,
				C6D87FBD1DA9F2E3004CB7E3 /* UIImage+Utilities.swift in Sources */,
				C67E67A31DC1609B004E6160 /* RGBASliderGroupViewController.swift in Sources */,
				C6D87FBB1DA9F2E3004CB7E3 /* SliderControlGroup.swift in Sources */,
				C6D87FBE1DA9F2E3004CB7E3 /* UIView+Utilities.swift in Sources */,
				C68242801DC1794700EFFEFD /* SliderBackgroundView.swift in Sources */,
				C67547111DB18DD100C2CA45 /* Throttle.swift in Sources */,
				C6D87FBC1DA9F2E3004CB7E3 /* UIColor+Utilities.swift in Sources */,
				C65329A51DB4686C00D9EDD5 /* HexKeypad.swift in Sources */,
				C647DB1A1DC0600100A52D02 /* WheelView.swift in Sources */,
				C6125D771DBC27A7002B5971 /* HSLSliderGroup.swift in Sources */,
				C68242771DC1748900EFFEFD /* HSBASpectrum.swift in Sources */,
				C6D87FAE1DA9F2E3004CB7E3 /* HSBSliderGroup.swift in Sources */,
				C6125D751DBC1DAA002B5971 /* HSLA.swift in Sources */,
				C67E67A11DC1604B004E6160 /* RGBASliderGroup.swift in Sources */,
				C6D87FC41DA9F3B1004CB7E3 /* BaseViewController.swift in Sources */,
				C6D87FF41DA9F506004CB7E3 /* HSBSpectrumView.swift in Sources */,
				C682427E1DC178CE00EFFEFD /* Slider.swift in Sources */,
				C6D87FB61DA9F2E3004CB7E3 /* Colorable.swift in Sources */,
				C65CDFF31DBD6871005981F3 /* HSLSpectrumView.swift in Sources */,
				C6D87FB21DA9F2E3004CB7E3 /* KnobView.swift in Sources */,
				C6125D6E1DBC054E002B5971 /* YUVASliderGroupViewController.swift in Sources */,
				C6D87FB91DA9F2E3004CB7E3 /* KnobbedControl.swift in Sources */,
				C6125D671DBC0097002B5971 /* HSBA.swift in Sources */,
				C6125D7E1DBC680A002B5971 /* YUVSpectumView.swift in Sources */,
				C6D87FAB1DA9F2E3004CB7E3 /* GradientData.swift in Sources */,
			);
			runOnlyForDeploymentPostprocessing = 0;
		};
		C607EEE61DA96F1400A73F51 /* Sources */ = {
			isa = PBXSourcesBuildPhase;
			buildActionMask = 2147483647;
			files = (
				C607EEEF1DA96F1400A73F51 /* ColorPicKitExampleTests.swift in Sources */,
			);
			runOnlyForDeploymentPostprocessing = 0;
		};
		C607EEF11DA96F1400A73F51 /* Sources */ = {
			isa = PBXSourcesBuildPhase;
			buildActionMask = 2147483647;
			files = (
				C607EEFA1DA96F1400A73F51 /* ColorPicKitExampleUITests.swift in Sources */,
			);
			runOnlyForDeploymentPostprocessing = 0;
		};
/* End PBXSourcesBuildPhase section */

/* Begin PBXTargetDependency section */
		C607EEEC1DA96F1400A73F51 /* PBXTargetDependency */ = {
			isa = PBXTargetDependency;
			target = C607EED51DA96F1400A73F51 /* ColorPicKitExample */;
			targetProxy = C607EEEB1DA96F1400A73F51 /* PBXContainerItemProxy */;
		};
		C607EEF71DA96F1400A73F51 /* PBXTargetDependency */ = {
			isa = PBXTargetDependency;
			target = C607EED51DA96F1400A73F51 /* ColorPicKitExample */;
			targetProxy = C607EEF61DA96F1400A73F51 /* PBXContainerItemProxy */;
		};
/* End PBXTargetDependency section */

/* Begin PBXVariantGroup section */
		C607EEDD1DA96F1400A73F51 /* Main.storyboard */ = {
			isa = PBXVariantGroup;
			children = (
				C607EEDE1DA96F1400A73F51 /* Base */,
			);
			name = Main.storyboard;
			sourceTree = "<group>";
		};
		C607EEE21DA96F1400A73F51 /* LaunchScreen.storyboard */ = {
			isa = PBXVariantGroup;
			children = (
				C607EEE31DA96F1400A73F51 /* Base */,
			);
			name = LaunchScreen.storyboard;
			sourceTree = "<group>";
		};
/* End PBXVariantGroup section */

/* Begin XCBuildConfiguration section */
		C607EEFC1DA96F1400A73F51 /* Debug */ = {
			isa = XCBuildConfiguration;
			buildSettings = {
				ALWAYS_SEARCH_USER_PATHS = NO;
				CLANG_ANALYZER_NONNULL = YES;
				CLANG_CXX_LANGUAGE_STANDARD = "gnu++0x";
				CLANG_CXX_LIBRARY = "libc++";
				CLANG_ENABLE_MODULES = YES;
				CLANG_ENABLE_OBJC_ARC = YES;
				CLANG_WARN_BOOL_CONVERSION = YES;
				CLANG_WARN_CONSTANT_CONVERSION = YES;
				CLANG_WARN_DIRECT_OBJC_ISA_USAGE = YES_ERROR;
				CLANG_WARN_DOCUMENTATION_COMMENTS = YES;
				CLANG_WARN_EMPTY_BODY = YES;
				CLANG_WARN_ENUM_CONVERSION = YES;
				CLANG_WARN_INFINITE_RECURSION = YES;
				CLANG_WARN_INT_CONVERSION = YES;
				CLANG_WARN_OBJC_ROOT_CLASS = YES_ERROR;
				CLANG_WARN_SUSPICIOUS_MOVES = YES;
				CLANG_WARN_UNREACHABLE_CODE = YES;
				CLANG_WARN__DUPLICATE_METHOD_MATCH = YES;
				"CODE_SIGN_IDENTITY[sdk=iphoneos*]" = "iPhone Developer";
				COPY_PHASE_STRIP = NO;
				DEBUG_INFORMATION_FORMAT = dwarf;
				ENABLE_STRICT_OBJC_MSGSEND = YES;
				ENABLE_TESTABILITY = YES;
				GCC_C_LANGUAGE_STANDARD = gnu99;
				GCC_DYNAMIC_NO_PIC = NO;
				GCC_NO_COMMON_BLOCKS = YES;
				GCC_OPTIMIZATION_LEVEL = 0;
				GCC_PREPROCESSOR_DEFINITIONS = (
					"DEBUG=1",
					"$(inherited)",
				);
				GCC_WARN_64_TO_32_BIT_CONVERSION = YES;
				GCC_WARN_ABOUT_RETURN_TYPE = YES_ERROR;
				GCC_WARN_UNDECLARED_SELECTOR = YES;
				GCC_WARN_UNINITIALIZED_AUTOS = YES_AGGRESSIVE;
				GCC_WARN_UNUSED_FUNCTION = YES;
				GCC_WARN_UNUSED_VARIABLE = YES;
				IPHONEOS_DEPLOYMENT_TARGET = 10.0;
				MTL_ENABLE_DEBUG_INFO = YES;
				ONLY_ACTIVE_ARCH = YES;
				SDKROOT = iphoneos;
				SWIFT_ACTIVE_COMPILATION_CONDITIONS = DEBUG;
				SWIFT_OPTIMIZATION_LEVEL = "-Onone";
				TARGETED_DEVICE_FAMILY = "1,2";
			};
			name = Debug;
		};
		C607EEFD1DA96F1400A73F51 /* Release */ = {
			isa = XCBuildConfiguration;
			buildSettings = {
				ALWAYS_SEARCH_USER_PATHS = NO;
				CLANG_ANALYZER_NONNULL = YES;
				CLANG_CXX_LANGUAGE_STANDARD = "gnu++0x";
				CLANG_CXX_LIBRARY = "libc++";
				CLANG_ENABLE_MODULES = YES;
				CLANG_ENABLE_OBJC_ARC = YES;
				CLANG_WARN_BOOL_CONVERSION = YES;
				CLANG_WARN_CONSTANT_CONVERSION = YES;
				CLANG_WARN_DIRECT_OBJC_ISA_USAGE = YES_ERROR;
				CLANG_WARN_DOCUMENTATION_COMMENTS = YES;
				CLANG_WARN_EMPTY_BODY = YES;
				CLANG_WARN_ENUM_CONVERSION = YES;
				CLANG_WARN_INFINITE_RECURSION = YES;
				CLANG_WARN_INT_CONVERSION = YES;
				CLANG_WARN_OBJC_ROOT_CLASS = YES_ERROR;
				CLANG_WARN_SUSPICIOUS_MOVES = YES;
				CLANG_WARN_UNREACHABLE_CODE = YES;
				CLANG_WARN__DUPLICATE_METHOD_MATCH = YES;
				"CODE_SIGN_IDENTITY[sdk=iphoneos*]" = "iPhone Developer";
				COPY_PHASE_STRIP = NO;
				DEBUG_INFORMATION_FORMAT = "dwarf-with-dsym";
				ENABLE_NS_ASSERTIONS = NO;
				ENABLE_STRICT_OBJC_MSGSEND = YES;
				GCC_C_LANGUAGE_STANDARD = gnu99;
				GCC_NO_COMMON_BLOCKS = YES;
				GCC_WARN_64_TO_32_BIT_CONVERSION = YES;
				GCC_WARN_ABOUT_RETURN_TYPE = YES_ERROR;
				GCC_WARN_UNDECLARED_SELECTOR = YES;
				GCC_WARN_UNINITIALIZED_AUTOS = YES_AGGRESSIVE;
				GCC_WARN_UNUSED_FUNCTION = YES;
				GCC_WARN_UNUSED_VARIABLE = YES;
				IPHONEOS_DEPLOYMENT_TARGET = 10.0;
				MTL_ENABLE_DEBUG_INFO = NO;
				SDKROOT = iphoneos;
				SWIFT_OPTIMIZATION_LEVEL = "-Owholemodule";
				TARGETED_DEVICE_FAMILY = "1,2";
				VALIDATE_PRODUCT = YES;
			};
			name = Release;
		};
		C607EEFF1DA96F1500A73F51 /* Debug */ = {
			isa = XCBuildConfiguration;
			buildSettings = {
				ASSETCATALOG_COMPILER_APPICON_NAME = AppIcon;
				DEVELOPMENT_TEAM = J7U74N85YF;
				INFOPLIST_FILE = ColorPicKitExample/Info.plist;
				LD_RUNPATH_SEARCH_PATHS = "$(inherited) @executable_path/Frameworks";
				PRODUCT_BUNDLE_IDENTIFIER = com.vaporwarewolf.ColorPicKitExample;
				PRODUCT_NAME = "$(TARGET_NAME)";
				SWIFT_VERSION = 3.0;
			};
			name = Debug;
		};
		C607EF001DA96F1500A73F51 /* Release */ = {
			isa = XCBuildConfiguration;
			buildSettings = {
				ASSETCATALOG_COMPILER_APPICON_NAME = AppIcon;
				DEVELOPMENT_TEAM = J7U74N85YF;
				INFOPLIST_FILE = ColorPicKitExample/Info.plist;
				LD_RUNPATH_SEARCH_PATHS = "$(inherited) @executable_path/Frameworks";
				PRODUCT_BUNDLE_IDENTIFIER = com.vaporwarewolf.ColorPicKitExample;
				PRODUCT_NAME = "$(TARGET_NAME)";
				SWIFT_VERSION = 3.0;
			};
			name = Release;
		};
		C607EF021DA96F1500A73F51 /* Debug */ = {
			isa = XCBuildConfiguration;
			buildSettings = {
				ALWAYS_EMBED_SWIFT_STANDARD_LIBRARIES = YES;
				BUNDLE_LOADER = "$(TEST_HOST)";
				DEVELOPMENT_TEAM = J7U74N85YF;
				INFOPLIST_FILE = ColorPicKitExampleTests/Info.plist;
				LD_RUNPATH_SEARCH_PATHS = "$(inherited) @executable_path/Frameworks @loader_path/Frameworks";
				PRODUCT_BUNDLE_IDENTIFIER = com.vaporwarewolf.ColorPicKitExampleTests;
				PRODUCT_NAME = "$(TARGET_NAME)";
				SWIFT_VERSION = 3.0;
				TEST_HOST = "$(BUILT_PRODUCTS_DIR)/ColorPicKitExample.app/ColorPicKitExample";
			};
			name = Debug;
		};
		C607EF031DA96F1500A73F51 /* Release */ = {
			isa = XCBuildConfiguration;
			buildSettings = {
				ALWAYS_EMBED_SWIFT_STANDARD_LIBRARIES = YES;
				BUNDLE_LOADER = "$(TEST_HOST)";
				DEVELOPMENT_TEAM = J7U74N85YF;
				INFOPLIST_FILE = ColorPicKitExampleTests/Info.plist;
				LD_RUNPATH_SEARCH_PATHS = "$(inherited) @executable_path/Frameworks @loader_path/Frameworks";
				PRODUCT_BUNDLE_IDENTIFIER = com.vaporwarewolf.ColorPicKitExampleTests;
				PRODUCT_NAME = "$(TARGET_NAME)";
				SWIFT_VERSION = 3.0;
				TEST_HOST = "$(BUILT_PRODUCTS_DIR)/ColorPicKitExample.app/ColorPicKitExample";
			};
			name = Release;
		};
		C607EF051DA96F1500A73F51 /* Debug */ = {
			isa = XCBuildConfiguration;
			buildSettings = {
				ALWAYS_EMBED_SWIFT_STANDARD_LIBRARIES = YES;
				DEVELOPMENT_TEAM = J7U74N85YF;
				INFOPLIST_FILE = ColorPicKitExampleUITests/Info.plist;
				LD_RUNPATH_SEARCH_PATHS = "$(inherited) @executable_path/Frameworks @loader_path/Frameworks";
				PRODUCT_BUNDLE_IDENTIFIER = com.vaporwarewolf.ColorPicKitExampleUITests;
				PRODUCT_NAME = "$(TARGET_NAME)";
				SWIFT_VERSION = 3.0;
				TEST_TARGET_NAME = ColorPicKitExample;
			};
			name = Debug;
		};
		C607EF061DA96F1500A73F51 /* Release */ = {
			isa = XCBuildConfiguration;
			buildSettings = {
				ALWAYS_EMBED_SWIFT_STANDARD_LIBRARIES = YES;
				DEVELOPMENT_TEAM = J7U74N85YF;
				INFOPLIST_FILE = ColorPicKitExampleUITests/Info.plist;
				LD_RUNPATH_SEARCH_PATHS = "$(inherited) @executable_path/Frameworks @loader_path/Frameworks";
				PRODUCT_BUNDLE_IDENTIFIER = com.vaporwarewolf.ColorPicKitExampleUITests;
				PRODUCT_NAME = "$(TARGET_NAME)";
				SWIFT_VERSION = 3.0;
				TEST_TARGET_NAME = ColorPicKitExample;
			};
			name = Release;
		};
/* End XCBuildConfiguration section */

/* Begin XCConfigurationList section */
		C607EED11DA96F1400A73F51 /* Build configuration list for PBXProject "ColorPicKitExample" */ = {
			isa = XCConfigurationList;
			buildConfigurations = (
				C607EEFC1DA96F1400A73F51 /* Debug */,
				C607EEFD1DA96F1400A73F51 /* Release */,
			);
			defaultConfigurationIsVisible = 0;
			defaultConfigurationName = Release;
		};
		C607EEFE1DA96F1500A73F51 /* Build configuration list for PBXNativeTarget "ColorPicKitExample" */ = {
			isa = XCConfigurationList;
			buildConfigurations = (
				C607EEFF1DA96F1500A73F51 /* Debug */,
				C607EF001DA96F1500A73F51 /* Release */,
			);
			defaultConfigurationIsVisible = 0;
			defaultConfigurationName = Release;
		};
		C607EF011DA96F1500A73F51 /* Build configuration list for PBXNativeTarget "ColorPicKitExampleTests" */ = {
			isa = XCConfigurationList;
			buildConfigurations = (
				C607EF021DA96F1500A73F51 /* Debug */,
				C607EF031DA96F1500A73F51 /* Release */,
			);
			defaultConfigurationIsVisible = 0;
			defaultConfigurationName = Release;
		};
		C607EF041DA96F1500A73F51 /* Build configuration list for PBXNativeTarget "ColorPicKitExampleUITests" */ = {
			isa = XCConfigurationList;
			buildConfigurations = (
				C607EF051DA96F1500A73F51 /* Debug */,
				C607EF061DA96F1500A73F51 /* Release */,
			);
			defaultConfigurationIsVisible = 0;
			defaultConfigurationName = Release;
		};
/* End XCConfigurationList section */
	};
	rootObject = C607EECE1DA96F1400A73F51 /* Project object */;
}
